
Microsoft Visual Studio Solution File, Format Version 12.00
# Visual Studio Version 17
VisualStudioVersion = 17.3.32901.215
MinimumVisualStudioVersion = 10.0.40219.1
Project("{FAE04EC0-301F-11D3-BF4B-00C04F79EFBC}") = "4_最短路径计算", "4_最短路径计算\4_最短路径计算.csproj", "{5154A7B6-F958-427E-B63C-94A5072E2435}"
EndProject
Global
	GlobalSection(SolutionConfigurationPlatforms) = preSolution
		Debug|Any CPU = Debug|Any CPU
		Release|Any CPU = Release|Any CPU
	EndGlobalSection
	GlobalSection(ProjectConfigurationPlatforms) = postSolution
		{5154A7B6-F958-427E-B63C-94A5072E2435}.Debug|Any CPU.ActiveCfg = Debug|Any CPU
		{5154A7B6-F958-427E-B63C-94A5072E2435}.Debug|Any CPU.Build.0 = Debug|Any CPU
		{5154A7B6-F958-427E-B63C-94A5072E2435}.Release|Any CPU.ActiveCfg = Release|Any CPU
		{5154A7B6-F958-427E-B63C-94A5072E2435}.Release|Any CPU.Build.0 = Release|Any CPU
	EndGlobalSection
	GlobalSection(SolutionProperties) = preSolution
		HideSolutionNode = FALSE
	EndGlobalSection
	GlobalSection(ExtensibilityGlobals) = postSolution
		SolutionGuid = {3ACFADDE-C918-4C7D-8121-78B8E65DD708}
	EndGlobalSection
EndGlobal
