
Microsoft Visual Studio Solution File, Format Version 12.00
# Visual Studio Version 17
VisualStudioVersion = 17.3.32901.215
MinimumVisualStudioVersion = 10.0.40219.1
Project("{FAE04EC0-301F-11D3-BF4B-00C04F79EFBC}") = "2_矩阵卷积计算", "2_矩阵卷积计算\2_矩阵卷积计算.csproj", "{22D5E03B-084E-46C7-ABED-484BF2B17295}"
EndProject
Global
	GlobalSection(SolutionConfigurationPlatforms) = preSolution
		Debug|Any CPU = Debug|Any CPU
		Release|Any CPU = Release|Any CPU
	EndGlobalSection
	GlobalSection(ProjectConfigurationPlatforms) = postSolution
		{22D5E03B-084E-46C7-ABED-484BF2B17295}.Debug|Any CPU.ActiveCfg = Debug|Any CPU
		{22D5E03B-084E-46C7-ABED-484BF2B17295}.Debug|Any CPU.Build.0 = Debug|Any CPU
		{22D5E03B-084E-46C7-ABED-484BF2B17295}.Release|Any CPU.ActiveCfg = Release|Any CPU
		{22D5E03B-084E-46C7-ABED-484BF2B17295}.Release|Any CPU.Build.0 = Release|Any CPU
	EndGlobalSection
	GlobalSection(SolutionProperties) = preSolution
		HideSolutionNode = FALSE
	EndGlobalSection
	GlobalSection(ExtensibilityGlobals) = postSolution
		SolutionGuid = {83397FB1-F4FA-4581-9ADA-9C4D490147CF}
	EndGlobalSection
EndGlobal
